
Microsoft Visual Studio Solution File, Format Version 12.00
# Visual Studio Version 16
VisualStudioVersion = 16.0.35706.149
MinimumVisualStudioVersion = 10.0.40219.1
Project("{8BC9CEB8-8B4A-11D0-8D11-00A0C91BC942}") = "Engine", "Engine\Engine.vcxproj", "{83D5772D-F53F-407E-A444-08AC04336F1E}"
	ProjectSection(ProjectDependencies) = postProject
		{535D3100-937E-4354-B476-5E139E2FAC09} = {535D3100-937E-4354-B476-5E139E2FAC09}
	EndProjectSection
EndProject
Project("{2150E333-8FDC-42A3-9474-1A3956D46DE8}") = "External", "External", "{D86D9D8A-2671-4DC8-B0E8-82F49C7F8752}"
EndProject
Project("{8BC9CEB8-8B4A-11D0-8D11-00A0C91BC942}") = "zlib", "External\zlib\zlib.vcxproj", "{535D3100-937E-4354-B476-5E139E2FAC09}"
EndProject
Global
	GlobalSection(SolutionConfigurationPlatforms) = preSolution
		Debug|Win32 = Debug|Win32
		Debug|x64 = Debug|x64
		Release|Win32 = Release|Win32
		Release|x64 = Release|x64
	EndGlobalSection
	GlobalSection(ProjectConfigurationPlatforms) = postSolution
		{83D5772D-F53F-407E-A444-08AC04336F1E}.Debug|Win32.ActiveCfg = Debug|Win32
		{83D5772D-F53F-407E-A444-08AC04336F1E}.Debug|Win32.Build.0 = Debug|Win32
		{83D5772D-F53F-407E-A444-08AC04336F1E}.Debug|x64.ActiveCfg = Debug|x64
		{83D5772D-F53F-407E-A444-08AC04336F1E}.Debug|x64.Build.0 = Debug|x64
		{83D5772D-F53F-407E-A444-08AC04336F1E}.Release|Win32.ActiveCfg = Release|Win32
		{83D5772D-F53F-407E-A444-08AC04336F1E}.Release|Win32.Build.0 = Release|Win32
		{83D5772D-F53F-407E-A444-08AC04336F1E}.Release|x64.ActiveCfg = Release|x64
		{83D5772D-F53F-407E-A444-08AC04336F1E}.Release|x64.Build.0 = Release|x64
		{535D3100-937E-4354-B476-5E139E2FAC09}.Debug|Win32.ActiveCfg = Debug|Win32
		{535D3100-937E-4354-B476-5E139E2FAC09}.Debug|Win32.Build.0 = Debug|Win32
		{535D3100-937E-4354-B476-5E139E2FAC09}.Debug|x64.ActiveCfg = Debug|x64
		{535D3100-937E-4354-B476-5E139E2FAC09}.Debug|x64.Build.0 = Debug|x64
		{535D3100-937E-4354-B476-5E139E2FAC09}.Release|Win32.ActiveCfg = Release|Win32
		{535D3100-937E-4354-B476-5E139E2FAC09}.Release|Win32.Build.0 = Release|Win32
		{535D3100-937E-4354-B476-5E139E2FAC09}.Release|x64.ActiveCfg = Release|x64
		{535D3100-937E-4354-B476-5E139E2FAC09}.Release|x64.Build.0 = Release|x64
	EndGlobalSection
	GlobalSection(SolutionProperties) = preSolution
		HideSolutionNode = FALSE
	EndGlobalSection
	GlobalSection(NestedProjects) = preSolution
		{535D3100-937E-4354-B476-5E139E2FAC09} = {D86D9D8A-2671-4DC8-B0E8-82F49C7F8752}
	EndGlobalSection
	GlobalSection(ExtensibilityGlobals) = postSolution
		SolutionGuid = {D944FFEA-272B-4B51-8031-2D941ABE4AE6}
	EndGlobalSection
EndGlobal
